// !$*UTF8*$!
{
	archiveVersion = 1;
	classes = {
	};
	objectVersion = 50;
	objects = {

/* Begin PBXBuildFile section */
		5ACB585022CDDAB500B78D48 /* AppDelegate.m in Sources */ = {isa = PBXBuildFile; fileRef = 5ACB584F22CDDAB500B78D48 /* AppDelegate.m */; };
		5ACB585322CDDAB500B78D48 /* ViewController.m in Sources */ = {isa = PBXBuildFile; fileRef = 5ACB585222CDDAB500B78D48 /* ViewController.m */; };
		5ACB585622CDDAB500B78D48 /* Main.storyboard in Resources */ = {isa = PBXBuildFile; fileRef = 5ACB585422CDDAB500B78D48 /* Main.storyboard */; };
		5ACB585822CDDAC100B78D48 /* Assets.xcassets in Resources */ = {isa = PBXBuildFile; fileRef = 5ACB585722CDDAC100B78D48 /* Assets.xcassets */; };
		5ACB585B22CDDAC100B78D48 /* LaunchScreen.storyboard in Resources */ = {isa = PBXBuildFile; fileRef = 5ACB585922CDDAC100B78D48 /* LaunchScreen.storyboard */; };
		5ACB585E22CDDAC100B78D48 /* main.m in Sources */ = {isa = PBXBuildFile; fileRef = 5ACB585D22CDDAC100B78D48 /* main.m */; };
		5ACB586622CDEA4F00B78D48 /* NodeMobile.framework in Frameworks */ = {isa = PBXBuildFile; fileRef = 5ACB586522CDEA4F00B78D48 /* NodeMobile.framework */; };
		5ACB586922CDEA7B00B78D48 /* NodeMobile.framework in Frameworks */ = {isa = PBXBuildFile; fileRef = 5ACB586522CDEA4F00B78D48 /* NodeMobile.framework */; };
		5ACB586A22CDEA7B00B78D48 /* NodeMobile.framework in Embed Frameworks */ = {isa = PBXBuildFile; fileRef = 5ACB586522CDEA4F00B78D48 /* NodeMobile.framework */; settings = {ATTRIBUTES = (CodeSignOnCopy, RemoveHeadersOnCopy, ); }; };
		5ACB586F22CDEABD00B78D48 /* NodeRunner.mm in Sources */ = {isa = PBXBuildFile; fileRef = 5ACB586D22CDEABD00B78D48 /* NodeRunner.mm */; };
		5ACB587122CDF0B900B78D48 /* nodejs-project in Resources */ = {isa = PBXBuildFile; fileRef = 5ACB587022CDF0B900B78D48 /* nodejs-project */; };
/* End PBXBuildFile section */

/* Begin PBXCopyFilesBuildPhase section */
		5ACB586B22CDEA7B00B78D48 /* Embed Frameworks */ = {
			isa = PBXCopyFilesBuildPhase;
			buildActionMask = 2147483647;
			dstPath = "";
			dstSubfolderSpec = 10;
			files = (
				5ACB586A22CDEA7B00B78D48 /* NodeMobile.framework in Embed Frameworks */,
			);
			name = "Embed Frameworks";
			runOnlyForDeploymentPostprocessing = 0;
		};
/* End PBXCopyFilesBuildPhase section */

/* Begin PBXFileReference section */
		5ACB584B22CDDAB500B78D48 /* NodeJS.app */ = {isa = PBXFileReference; explicitFileType = wrapper.application; includeInIndex = 0; path = NodeJS.app; sourceTree = BUILT_PRODUCTS_DIR; };
		5ACB584E22CDDAB500B78D48 /* AppDelegate.h */ = {isa = PBXFileReference; lastKnownFileType = sourcecode.c.h; path = AppDelegate.h; sourceTree = "<group>"; };
		5ACB584F22CDDAB500B78D48 /* AppDelegate.m */ = {isa = PBXFileReference; lastKnownFileType = sourcecode.c.objc; path = AppDelegate.m; sourceTree = "<group>"; };
		5ACB585122CDDAB500B78D48 /* ViewController.h */ = {isa = PBXFileReference; lastKnownFileType = sourcecode.c.h; path = ViewController.h; sourceTree = "<group>"; };
		5ACB585222CDDAB500B78D48 /* ViewController.m */ = {isa = PBXFileReference; lastKnownFileType = sourcecode.c.objc; path = ViewController.m; sourceTree = "<group>"; };
		5ACB585522CDDAB500B78D48 /* Base */ = {isa = PBXFileReference; lastKnownFileType = file.storyboard; name = Base; path = Base.lproj/Main.storyboard; sourceTree = "<group>"; };
		5ACB585722CDDAC100B78D48 /* Assets.xcassets */ = {isa = PBXFileReference; lastKnownFileType = folder.assetcatalog; path = Assets.xcassets; sourceTree = "<group>"; };
		5ACB585A22CDDAC100B78D48 /* Base */ = {isa = PBXFileReference; lastKnownFileType = file.storyboard; name = Base; path = Base.lproj/LaunchScreen.storyboard; sourceTree = "<group>"; };
		5ACB585C22CDDAC100B78D48 /* Info.plist */ = {isa = PBXFileReference; lastKnownFileType = text.plist.xml; path = Info.plist; sourceTree = "<group>"; };
		5ACB585D22CDDAC100B78D48 /* main.m */ = {isa = PBXFileReference; lastKnownFileType = sourcecode.c.objc; path = main.m; sourceTree = "<group>"; };
		5ACB586522CDEA4F00B78D48 /* NodeMobile.framework */ = {isa = PBXFileReference; lastKnownFileType = wrapper.framework; path = NodeMobile.framework; sourceTree = "<group>"; };
		5ACB586D22CDEABD00B78D48 /* NodeRunner.mm */ = {isa = PBXFileReference; fileEncoding = 4; lastKnownFileType = sourcecode.cpp.objcpp; path = NodeRunner.mm; sourceTree = "<group>"; };
		5ACB586E22CDEABD00B78D48 /* NodeRunner.h */ = {isa = PBXFileReference; fileEncoding = 4; lastKnownFileType = sourcecode.c.h; path = NodeRunner.h; sourceTree = "<group>"; };
		5ACB587022CDF0B900B78D48 /* nodejs-project */ = {isa = PBXFileReference; lastKnownFileType = folder; path = "nodejs-project"; sourceTree = "<group>"; };
/* End PBXFileReference section */

/* Begin PBXFrameworksBuildPhase section */
		5ACB584822CDDAB500B78D48 /* Frameworks */ = {
			isa = PBXFrameworksBuildPhase;
			buildActionMask = 2147483647;
			files = (
				5ACB586922CDEA7B00B78D48 /* NodeMobile.framework in Frameworks */,
				5ACB586622CDEA4F00B78D48 /* NodeMobile.framework in Frameworks */,
			);
			runOnlyForDeploymentPostprocessing = 0;
		};
/* End PBXFrameworksBuildPhase section */

/* Begin PBXGroup section */
		5ACB584222CDDAB500B78D48 = {
			isa = PBXGroup;
			children = (
				5ACB587022CDF0B900B78D48 /* nodejs-project */,
				5ACB586422CDEA4F00B78D48 /* libnode */,
				5ACB584D22CDDAB500B78D48 /* NodeJS */,
				5ACB584C22CDDAB500B78D48 /* Products */,
			);
			sourceTree = "<group>";
		};
		5ACB584C22CDDAB500B78D48 /* Products */ = {
			isa = PBXGroup;
			children = (
				5ACB584B22CDDAB500B78D48 /* NodeJS.app */,
			);
			name = Products;
			sourceTree = "<group>";
		};
		5ACB584D22CDDAB500B78D48 /* NodeJS */ = {
			isa = PBXGroup;
			children = (
				5ACB586C22CDEABD00B78D48 /* Node */,
				5ACB584E22CDDAB500B78D48 /* AppDelegate.h */,
				5ACB584F22CDDAB500B78D48 /* AppDelegate.m */,
				5ACB585122CDDAB500B78D48 /* ViewController.h */,
				5ACB585222CDDAB500B78D48 /* ViewController.m */,
				5ACB585422CDDAB500B78D48 /* Main.storyboard */,
				5ACB585722CDDAC100B78D48 /* Assets.xcassets */,
				5ACB585922CDDAC100B78D48 /* LaunchScreen.storyboard */,
				5ACB585C22CDDAC100B78D48 /* Info.plist */,
				5ACB585D22CDDAC100B78D48 /* main.m */,
			);
			path = NodeJS;
			sourceTree = "<group>";
		};
		5ACB586422CDEA4F00B78D48 /* libnode */ = {
			isa = PBXGroup;
			children = (
				5ACB586522CDEA4F00B78D48 /* NodeMobile.framework */,
			);
			path = libnode;
			sourceTree = "<group>";
		};
		5ACB586C22CDEABD00B78D48 /* Node */ = {
			isa = PBXGroup;
			children = (
				5ACB586E22CDEABD00B78D48 /* NodeRunner.h */,
				5ACB586D22CDEABD00B78D48 /* NodeRunner.mm */,
			);
			path = Node;
			sourceTree = "<group>";
		};
/* End PBXGroup section */

/* Begin PBXNativeTarget section */
		5ACB584A22CDDAB500B78D48 /* NodeJS */ = {
			isa = PBXNativeTarget;
			buildConfigurationList = 5ACB586122CDDAC100B78D48 /* Build configuration list for PBXNativeTarget "NodeJS" */;
			buildPhases = (
				5ACB584722CDDAB500B78D48 /* Sources */,
				5ACB584822CDDAB500B78D48 /* Frameworks */,
				5ACB584922CDDAB500B78D48 /* Resources */,
				5ACB586B22CDEA7B00B78D48 /* Embed Frameworks */,
			);
			buildRules = (
			);
			dependencies = (
			);
			name = NodeJS;
			productName = NodeJS;
			productReference = 5ACB584B22CDDAB500B78D48 /* NodeJS.app */;
			productType = "com.apple.product-type.application";
		};
/* End PBXNativeTarget section */

/* Begin PBXProject section */
		5ACB584322CDDAB500B78D48 /* Project object */ = {
			isa = PBXProject;
			attributes = {
				LastUpgradeCheck = 1020;
				ORGANIZATIONNAME = admin;
				TargetAttributes = {
					5ACB584A22CDDAB500B78D48 = {
						CreatedOnToolsVersion = 10.2;
					};
				};
			};
			buildConfigurationList = 5ACB584622CDDAB500B78D48 /* Build configuration list for PBXProject "NodeJS" */;
			compatibilityVersion = "Xcode 9.3";
			developmentRegion = en;
			hasScannedForEncodings = 0;
			knownRegions = (
				en,
				Base,
			);
			mainGroup = 5ACB584222CDDAB500B78D48;
			productRefGroup = 5ACB584C22CDDAB500B78D48 /* Products */;
			projectDirPath = "";
			projectRoot = "";
			targets = (
				5ACB584A22CDDAB500B78D48 /* NodeJS */,
			);
		};
/* End PBXProject section */

/* Begin PBXResourcesBuildPhase section */
		5ACB584922CDDAB500B78D48 /* Resources */ = {
			isa = PBXResourcesBuildPhase;
			buildActionMask = 2147483647;
			files = (
				5ACB585B22CDDAC100B78D48 /* LaunchScreen.storyboard in Resources */,
				5ACB587122CDF0B900B78D48 /* nodejs-project in Resources */,
				5ACB585822CDDAC100B78D48 /* Assets.xcassets in Resources */,
				5ACB585622CDDAB500B78D48 /* Main.storyboard in Resources */,
			);
			runOnlyForDeploymentPostprocessing = 0;
		};
/* End PBXResourcesBuildPhase section */

/* Begin PBXSourcesBuildPhase section */
		5ACB584722CDDAB500B78D48 /* Sources */ = {
			isa = PBXSourcesBuildPhase;
			buildActionMask = 2147483647;
			files = (
				5ACB585322CDDAB500B78D48 /* ViewController.m in Sources */,
				5ACB586F22CDEABD00B78D48 /* NodeRunner.mm in Sources */,
				5ACB585E22CDDAC100B78D48 /* main.m in Sources */,
				5ACB585022CDDAB500B78D48 /* AppDelegate.m in Sources */,
			);
			runOnlyForDeploymentPostprocessing = 0;
		};
/* End PBXSourcesBuildPhase section */

/* Begin PBXVariantGroup section */
		5ACB585422CDDAB500B78D48 /* Main.storyboard */ = {
			isa = PBXVariantGroup;
			children = (
				5ACB585522CDDAB500B78D48 /* Base */,
			);
			name = Main.storyboard;
			sourceTree = "<group>";
		};
		5ACB585922CDDAC100B78D48 /* LaunchScreen.storyboard */ = {
			isa = PBXVariantGroup;
			children = (
				5ACB585A22CDDAC100B78D48 /* Base */,
			);
			name = LaunchScreen.storyboard;
			sourceTree = "<group>";
		};
/* End PBXVariantGroup section */

/* Begin XCBuildConfiguration section */
		5ACB585F22CDDAC100B78D48 /* Debug */ = {
			isa = XCBuildConfiguration;
			buildSettings = {
				ALWAYS_SEARCH_USER_PATHS = NO;
				CLANG_ANALYZER_NONNULL = YES;
				CLANG_ANALYZER_NUMBER_OBJECT_CONVERSION = YES_AGGRESSIVE;
				CLANG_CXX_LANGUAGE_STANDARD = "gnu++14";
				CLANG_CXX_LIBRARY = "libc++";
				CLANG_ENABLE_MODULES = YES;
				CLANG_ENABLE_OBJC_ARC = YES;
				CLANG_ENABLE_OBJC_WEAK = YES;
				CLANG_WARN_BLOCK_CAPTURE_AUTORELEASING = YES;
				CLANG_WARN_BOOL_CONVERSION = YES;
				CLANG_WARN_COMMA = YES;
				CLANG_WARN_CONSTANT_CONVERSION = YES;
				CLANG_WARN_DEPRECATED_OBJC_IMPLEMENTATIONS = YES;
				CLANG_WARN_DIRECT_OBJC_ISA_USAGE = YES_ERROR;
				CLANG_WARN_DOCUMENTATION_COMMENTS = YES;
				CLANG_WARN_EMPTY_BODY = YES;
				CLANG_WARN_ENUM_CONVERSION = YES;
				CLANG_WARN_INFINITE_RECURSION = YES;
				CLANG_WARN_INT_CONVERSION = YES;
				CLANG_WARN_NON_LITERAL_NULL_CONVERSION = YES;
				CLANG_WARN_OBJC_IMPLICIT_RETAIN_SELF = YES;
				CLANG_WARN_OBJC_LITERAL_CONVERSION = YES;
				CLANG_WARN_OBJC_ROOT_CLASS = YES_ERROR;
				CLANG_WARN_RANGE_LOOP_ANALYSIS = YES;
				CLANG_WARN_STRICT_PROTOTYPES = YES;
				CLANG_WARN_SUSPICIOUS_MOVE = YES;
				CLANG_WARN_UNGUARDED_AVAILABILITY = YES_AGGRESSIVE;
				CLANG_WARN_UNREACHABLE_CODE = YES;
				CLANG_WARN__DUPLICATE_METHOD_MATCH = YES;
				CODE_SIGN_IDENTITY = "iPhone Developer";
				COPY_PHASE_STRIP = NO;
				DEBUG_INFORMATION_FORMAT = dwarf;
				ENABLE_STRICT_OBJC_MSGSEND = YES;
				ENABLE_TESTABILITY = YES;
				GCC_C_LANGUAGE_STANDARD = gnu11;
				GCC_DYNAMIC_NO_PIC = NO;
				GCC_NO_COMMON_BLOCKS = YES;
				GCC_OPTIMIZATION_LEVEL = 0;
				GCC_PREPROCESSOR_DEFINITIONS = (
					"DEBUG=1",
					"$(inherited)",
				);
				GCC_WARN_64_TO_32_BIT_CONVERSION = YES;
				GCC_WARN_ABOUT_RETURN_TYPE = YES_ERROR;
				GCC_WARN_UNDECLARED_SELECTOR = YES;
				GCC_WARN_UNINITIALIZED_AUTOS = YES_AGGRESSIVE;
				GCC_WARN_UNUSED_FUNCTION = YES;
				GCC_WARN_UNUSED_VARIABLE = YES;
				IPHONEOS_DEPLOYMENT_TARGET = 12.2;
				MTL_ENABLE_DEBUG_INFO = INCLUDE_SOURCE;
				MTL_FAST_MATH = YES;
				ONLY_ACTIVE_ARCH = YES;
				SDKROOT = iphoneos;
			};
			name = Debug;
		};
		5ACB586022CDDAC100B78D48 /* Release */ = {
			isa = XCBuildConfiguration;
			buildSettings = {
				ALWAYS_SEARCH_USER_PATHS = NO;
				CLANG_ANALYZER_NONNULL = YES;
				CLANG_ANALYZER_NUMBER_OBJECT_CONVERSION = YES_AGGRESSIVE;
				CLANG_CXX_LANGUAGE_STANDARD = "gnu++14";
				CLANG_CXX_LIBRARY = "libc++";
				CLANG_ENABLE_MODULES = YES;
				CLANG_ENABLE_OBJC_ARC = YES;
				CLANG_ENABLE_OBJC_WEAK = YES;
				CLANG_WARN_BLOCK_CAPTURE_AUTORELEASING = YES;
				CLANG_WARN_BOOL_CONVERSION = YES;
				CLANG_WARN_COMMA = YES;
				CLANG_WARN_CONSTANT_CONVERSION = YES;
				CLANG_WARN_DEPRECATED_OBJC_IMPLEMENTATIONS = YES;
				CLANG_WARN_DIRECT_OBJC_ISA_USAGE = YES_ERROR;
				CLANG_WARN_DOCUMENTATION_COMMENTS = YES;
				CLANG_WARN_EMPTY_BODY = YES;
				CLANG_WARN_ENUM_CONVERSION = YES;
				CLANG_WARN_INFINITE_RECURSION = YES;
				CLANG_WARN_INT_CONVERSION = YES;
				CLANG_WARN_NON_LITERAL_NULL_CONVERSION = YES;
				CLANG_WARN_OBJC_IMPLICIT_RETAIN_SELF = YES;
				CLANG_WARN_OBJC_LITERAL_CONVERSION = YES;
				CLANG_WARN_OBJC_ROOT_CLASS = YES_ERROR;
				CLANG_WARN_RANGE_LOOP_ANALYSIS = YES;
				CLANG_WARN_STRICT_PROTOTYPES = YES;
				CLANG_WARN_SUSPICIOUS_MOVE = YES;
				CLANG_WARN_UNGUARDED_AVAILABILITY = YES_AGGRESSIVE;
				CLANG_WARN_UNREACHABLE_CODE = YES;
				CLANG_WARN__DUPLICATE_METHOD_MATCH = YES;
				CODE_SIGN_IDENTITY = "iPhone Developer";
				COPY_PHASE_STRIP = NO;
				DEBUG_INFORMATION_FORMAT = "dwarf-with-dsym";
				ENABLE_NS_ASSERTIONS = NO;
				ENABLE_STRICT_OBJC_MSGSEND = YES;
				GCC_C_LANGUAGE_STANDARD = gnu11;
				GCC_NO_COMMON_BLOCKS = YES;
				GCC_WARN_64_TO_32_BIT_CONVERSION = YES;
				GCC_WARN_ABOUT_RETURN_TYPE = YES_ERROR;
				GCC_WARN_UNDECLARED_SELECTOR = YES;
				GCC_WARN_UNINITIALIZED_AUTOS = YES_AGGRESSIVE;
				GCC_WARN_UNUSED_FUNCTION = YES;
				GCC_WARN_UNUSED_VARIABLE = YES;
				IPHONEOS_DEPLOYMENT_TARGET = 12.2;
				MTL_ENABLE_DEBUG_INFO = NO;
				MTL_FAST_MATH = YES;
				SDKROOT = iphoneos;
				VALIDATE_PRODUCT = YES;
			};
			name = Release;
		};
		5ACB586222CDDAC100B78D48 /* Debug */ = {
			isa = XCBuildConfiguration;
			buildSettings = {
				ASSETCATALOG_COMPILER_APPICON_NAME = AppIcon;
				ASSETCATALOG_COMPILER_LAUNCHIMAGE_NAME = LaunchImage;
				CODE_SIGN_STYLE = Automatic;
				DEVELOPMENT_TEAM = "";
				ENABLE_BITCODE = NO;
				FRAMEWORK_SEARCH_PATHS = (
					"$(inherited)",
					"$(PROJECT_DIR)/libnode",
				);
				INFOPLIST_FILE = NodeJS/Info.plist;
				IPHONEOS_DEPLOYMENT_TARGET = 11.0;
				LD_RUNPATH_SEARCH_PATHS = (
					"$(inherited)",
					"@executable_path/Frameworks",
				);
				PRODUCT_BUNDLE_IDENTIFIER = com.admin.NodeJS;
				PRODUCT_NAME = "$(TARGET_NAME)";
				TARGETED_DEVICE_FAMILY = "1,2";
			};
			name = Debug;
		};
		5ACB586322CDDAC100B78D48 /* Release */ = {
			isa = XCBuildConfiguration;
			buildSettings = {
				ASSETCATALOG_COMPILER_APPICON_NAME = AppIcon;
				ASSETCATALOG_COMPILER_LAUNCHIMAGE_NAME = LaunchImage;
				CODE_SIGN_STYLE = Automatic;
				DEVELOPMENT_TEAM = "";
				ENABLE_BITCODE = NO;
				FRAMEWORK_SEARCH_PATHS = (
					"$(inherited)",
					"$(PROJECT_DIR)/libnode",
				);
				INFOPLIST_FILE = NodeJS/Info.plist;
				IPHONEOS_DEPLOYMENT_TARGET = 11.0;
				LD_RUNPATH_SEARCH_PATHS = (
					"$(inherited)",
					"@executable_path/Frameworks",
				);
				PRODUCT_BUNDLE_IDENTIFIER = com.admin.NodeJS;
				PRODUCT_NAME = "$(TARGET_NAME)";
				TARGETED_DEVICE_FAMILY = "1,2";
			};
			name = Release;
		};
/* End XCBuildConfiguration section */

/* Begin XCConfigurationList section */
		5ACB584622CDDAB500B78D48 /* Build configuration list for PBXProject "NodeJS" */ = {
			isa = XCConfigurationList;
			buildConfigurations = (
				5ACB585F22CDDAC100B78D48 /* Debug */,
				5ACB586022CDDAC100B78D48 /* Release */,
			);
			defaultConfigurationIsVisible = 0;
			defaultConfigurationName = Release;
		};
		5ACB586122CDDAC100B78D48 /* Build configuration list for PBXNativeTarget "NodeJS" */ = {
			isa = XCConfigurationList;
			buildConfigurations = (
				5ACB586222CDDAC100B78D48 /* Debug */,
				5ACB586322CDDAC100B78D48 /* Release */,
			);
			defaultConfigurationIsVisible = 0;
			defaultConfigurationName = Release;
		};
/* End XCConfigurationList section */
	};
	rootObject = 5ACB584322CDDAB500B78D48 /* Project object */;
}
